// !$*UTF8*$!
{
	archiveVersion = 1;
	classes = {
	};
	objectVersion = 46;
	objects = {

/* Begin PBXBuildFile section */
		5120B71E189E319A009BB589 /* ACStoryboardPopoverSegue.m in Sources */ = {isa = PBXBuildFile; fileRef = 5120B71D189E319A009BB589 /* ACStoryboardPopoverSegue.m */; };
		5120B721189E39DE009BB589 /* ACStoryboardPopoverSegueTemplate.m in Sources */ = {isa = PBXBuildFile; fileRef = 5120B720189E39DE009BB589 /* ACStoryboardPopoverSegueTemplate.m */; };
		5120B725189E4467009BB589 /* UIPopoverController+SelfRetained.m in Sources */ = {isa = PBXBuildFile; fileRef = 5120B724189E4467009BB589 /* UIPopoverController+SelfRetained.m */; };
		5120B727189E4593009BB589 /* ACStoryboardPopoverSegueTests.m in Sources */ = {isa = PBXBuildFile; fileRef = 5120B726189E4593009BB589 /* ACStoryboardPopoverSegueTests.m */; };
		5185C24E189F2DBD007B8265 /* ACContainerSourceViewController.m in Sources */ = {isa = PBXBuildFile; fileRef = 5185C24D189F2DBD007B8265 /* ACContainerSourceViewController.m */; };
		51DE6C3E189C743D0062D7AD /* Foundation.framework in Frameworks */ = {isa = PBXBuildFile; fileRef = 51DE6C3D189C743D0062D7AD /* Foundation.framework */; };
		51DE6C43189C743D0062D7AD /* Segway.h in CopyFiles */ = {isa = PBXBuildFile; fileRef = 51DE6C42189C743D0062D7AD /* Segway.h */; };
		51DE6C4C189C743D0062D7AD /* XCTest.framework in Frameworks */ = {isa = PBXBuildFile; fileRef = 51DE6C4B189C743D0062D7AD /* XCTest.framework */; };
		51DE6C4D189C743E0062D7AD /* Foundation.framework in Frameworks */ = {isa = PBXBuildFile; fileRef = 51DE6C3D189C743D0062D7AD /* Foundation.framework */; };
		51DE6C4F189C743E0062D7AD /* UIKit.framework in Frameworks */ = {isa = PBXBuildFile; fileRef = 51DE6C4E189C743E0062D7AD /* UIKit.framework */; };
		51DE6C52189C743E0062D7AD /* libSegway.a in Frameworks */ = {isa = PBXBuildFile; fileRef = 51DE6C3A189C743D0062D7AD /* libSegway.a */; };
		51DE6C58189C743E0062D7AD /* InfoPlist.strings in Resources */ = {isa = PBXBuildFile; fileRef = 51DE6C56189C743E0062D7AD /* InfoPlist.strings */; };
		51DE6C6B189C75E10062D7AD /* ACStoryboardSegueTemplate.m in Sources */ = {isa = PBXBuildFile; fileRef = 51DE6C6A189C75E10062D7AD /* ACStoryboardSegueTemplate.m */; };
		51DE6C6F189C78440062D7AD /* ACStoryboardSegue.m in Sources */ = {isa = PBXBuildFile; fileRef = 51DE6C6E189C78440062D7AD /* ACStoryboardSegue.m */; };
		51DE6C72189C80ED0062D7AD /* ACStoryboardPushSegue.m in Sources */ = {isa = PBXBuildFile; fileRef = 51DE6C71189C80ED0062D7AD /* ACStoryboardPushSegue.m */; };
		51DE6C75189C87440062D7AD /* ACStoryboardPushSegueTemplate.m in Sources */ = {isa = PBXBuildFile; fileRef = 51DE6C74189C87440062D7AD /* ACStoryboardPushSegueTemplate.m */; };
		51DE6C7B189DD8960062D7AD /* UIKit.framework in Frameworks */ = {isa = PBXBuildFile; fileRef = 51DE6C7A189DD8960062D7AD /* UIKit.framework */; };
		51DE6C7E189DE94D0062D7AD /* ACStoryboardSegueTests.m in Sources */ = {isa = PBXBuildFile; fileRef = 51DE6C7D189DE94D0062D7AD /* ACStoryboardSegueTests.m */; };
		51DE6C81189DEAD80062D7AD /* Default.storyboard in Resources */ = {isa = PBXBuildFile; fileRef = 51DE6C80189DEAD80062D7AD /* Default.storyboard */; };
		51DE6C85189DEDBA0062D7AD /* UIViewController+ACStoryboardSegueTemplates.m in Sources */ = {isa = PBXBuildFile; fileRef = 51DE6C84189DEDBA0062D7AD /* UIViewController+ACStoryboardSegueTemplates.m */; };
		51DE6C8B189E025B0062D7AD /* ACStoryboardPushSegueTests.m in Sources */ = {isa = PBXBuildFile; fileRef = 51DE6C8A189E025B0062D7AD /* ACStoryboardPushSegueTests.m */; };
		51DE6C8D189E02F30062D7AD /* Navigation.storyboard in Resources */ = {isa = PBXBuildFile; fileRef = 51DE6C8C189E02F30062D7AD /* Navigation.storyboard */; };
		51DE6C93189E068E0062D7AD /* Foundation.framework in Frameworks */ = {isa = PBXBuildFile; fileRef = 51DE6C3D189C743D0062D7AD /* Foundation.framework */; };
		51DE6C95189E068E0062D7AD /* CoreGraphics.framework in Frameworks */ = {isa = PBXBuildFile; fileRef = 51DE6C94189E068E0062D7AD /* CoreGraphics.framework */; };
		51DE6C96189E068E0062D7AD /* UIKit.framework in Frameworks */ = {isa = PBXBuildFile; fileRef = 51DE6C7A189DD8960062D7AD /* UIKit.framework */; };
		51DE6C9C189E068E0062D7AD /* InfoPlist.strings in Resources */ = {isa = PBXBuildFile; fileRef = 51DE6C9A189E068E0062D7AD /* InfoPlist.strings */; };
		51DE6C9E189E068E0062D7AD /* main.m in Sources */ = {isa = PBXBuildFile; fileRef = 51DE6C9D189E068E0062D7AD /* main.m */; };
		51DE6CA2189E068E0062D7AD /* ACAppDelegate.m in Sources */ = {isa = PBXBuildFile; fileRef = 51DE6CA1189E068E0062D7AD /* ACAppDelegate.m */; };
		51DE6CA5189E068E0062D7AD /* Main.storyboard in Resources */ = {isa = PBXBuildFile; fileRef = 51DE6CA3189E068E0062D7AD /* Main.storyboard */; };
		51DE6CAA189E068E0062D7AD /* Images.xcassets in Resources */ = {isa = PBXBuildFile; fileRef = 51DE6CA9189E068E0062D7AD /* Images.xcassets */; };
		51DE6CC8189E077D0062D7AD /* ACMainViewController.m in Sources */ = {isa = PBXBuildFile; fileRef = 51DE6CC7189E077D0062D7AD /* ACMainViewController.m */; };
		51DE6CCE189E12450062D7AD /* ACDestinationViewController.m in Sources */ = {isa = PBXBuildFile; fileRef = 51DE6CCD189E12450062D7AD /* ACDestinationViewController.m */; };
		51DE6CD2189E17360062D7AD /* libSegway.a in Frameworks */ = {isa = PBXBuildFile; fileRef = 51DE6C3A189C743D0062D7AD /* libSegway.a */; };
		51DE6D16189E19D10062D7AD /* ACStoryboardModalSegueTemplate.m in Sources */ = {isa = PBXBuildFile; fileRef = 51DE6D15189E19D10062D7AD /* ACStoryboardModalSegueTemplate.m */; };
		51DE6D19189E1B010062D7AD /* ACStoryboardModalSegue.m in Sources */ = {isa = PBXBuildFile; fileRef = 51DE6D18189E1B010062D7AD /* ACStoryboardModalSegue.m */; };
		51DE6D1B189E1FCF0062D7AD /* ACStoryboardModalSegueTests.m in Sources */ = {isa = PBXBuildFile; fileRef = 51DE6D1A189E1FCF0062D7AD /* ACStoryboardModalSegueTests.m */; };
		51E421AB189F0951003FEFD3 /* ACStoryboardEmbedSegue.m in Sources */ = {isa = PBXBuildFile; fileRef = 51E421AA189F0951003FEFD3 /* ACStoryboardEmbedSegue.m */; };
		51E421AE189F1222003FEFD3 /* ACStoryboardEmbedSegueTemplate.m in Sources */ = {isa = PBXBuildFile; fileRef = 51E421AD189F1222003FEFD3 /* ACStoryboardEmbedSegueTemplate.m */; };
		51E421B0189F1389003FEFD3 /* ACStoryboardEmbedSegueTests.m in Sources */ = {isa = PBXBuildFile; fileRef = 51E421AF189F1389003FEFD3 /* ACStoryboardEmbedSegueTests.m */; };
		51E421B2189F1494003FEFD3 /* Container.storyboard in Resources */ = {isa = PBXBuildFile; fileRef = 51E421B1189F1494003FEFD3 /* Container.storyboard */; };
/* End PBXBuildFile section */

/* Begin PBXContainerItemProxy section */
		51DE6C50189C743E0062D7AD /* PBXContainerItemProxy */ = {
			isa = PBXContainerItemProxy;
			containerPortal = 51DE6C32189C743D0062D7AD /* Project object */;
			proxyType = 1;
			remoteGlobalIDString = 51DE6C39189C743D0062D7AD;
			remoteInfo = Segway;
		};
/* End PBXContainerItemProxy section */

/* Begin PBXCopyFilesBuildPhase section */
		51DE6C38189C743D0062D7AD /* CopyFiles */ = {
			isa = PBXCopyFilesBuildPhase;
			buildActionMask = 2147483647;
			dstPath = "include/$(PRODUCT_NAME)";
			dstSubfolderSpec = 16;
			files = (
				51DE6C43189C743D0062D7AD /* Segway.h in CopyFiles */,
			);
			runOnlyForDeploymentPostprocessing = 0;
		};
/* End PBXCopyFilesBuildPhase section */

/* Begin PBXFileReference section */
		5120B71C189E319A009BB589 /* ACStoryboardPopoverSegue.h */ = {isa = PBXFileReference; fileEncoding = 4; lastKnownFileType = sourcecode.c.h; path = ACStoryboardPopoverSegue.h; sourceTree = "<group>"; };
		5120B71D189E319A009BB589 /* ACStoryboardPopoverSegue.m */ = {isa = PBXFileReference; fileEncoding = 4; lastKnownFileType = sourcecode.c.objc; path = ACStoryboardPopoverSegue.m; sourceTree = "<group>"; };
		5120B71F189E39DE009BB589 /* ACStoryboardPopoverSegueTemplate.h */ = {isa = PBXFileReference; fileEncoding = 4; lastKnownFileType = sourcecode.c.h; path = ACStoryboardPopoverSegueTemplate.h; sourceTree = "<group>"; };
		5120B720189E39DE009BB589 /* ACStoryboardPopoverSegueTemplate.m */ = {isa = PBXFileReference; fileEncoding = 4; lastKnownFileType = sourcecode.c.objc; path = ACStoryboardPopoverSegueTemplate.m; sourceTree = "<group>"; };
		5120B723189E4467009BB589 /* UIPopoverController+SelfRetained.h */ = {isa = PBXFileReference; fileEncoding = 4; lastKnownFileType = sourcecode.c.h; path = "UIPopoverController+SelfRetained.h"; sourceTree = "<group>"; };
		5120B724189E4467009BB589 /* UIPopoverController+SelfRetained.m */ = {isa = PBXFileReference; fileEncoding = 4; lastKnownFileType = sourcecode.c.objc; path = "UIPopoverController+SelfRetained.m"; sourceTree = "<group>"; };
		5120B726189E4593009BB589 /* ACStoryboardPopoverSegueTests.m */ = {isa = PBXFileReference; fileEncoding = 4; lastKnownFileType = sourcecode.c.objc; path = ACStoryboardPopoverSegueTests.m; sourceTree = "<group>"; };
		5185C24C189F2DBD007B8265 /* ACContainerSourceViewController.h */ = {isa = PBXFileReference; fileEncoding = 4; lastKnownFileType = sourcecode.c.h; path = ACContainerSourceViewController.h; sourceTree = "<group>"; };
		5185C24D189F2DBD007B8265 /* ACContainerSourceViewController.m */ = {isa = PBXFileReference; fileEncoding = 4; lastKnownFileType = sourcecode.c.objc; path = ACContainerSourceViewController.m; sourceTree = "<group>"; };
		51DE6C3A189C743D0062D7AD /* libSegway.a */ = {isa = PBXFileReference; explicitFileType = archive.ar; includeInIndex = 0; path = libSegway.a; sourceTree = BUILT_PRODUCTS_DIR; };
		51DE6C3D189C743D0062D7AD /* Foundation.framework */ = {isa = PBXFileReference; lastKnownFileType = wrapper.framework; name = Foundation.framework; path = System/Library/Frameworks/Foundation.framework; sourceTree = SDKROOT; };
		51DE6C41189C743D0062D7AD /* Segway-Prefix.pch */ = {isa = PBXFileReference; lastKnownFileType = sourcecode.c.h; path = "Segway-Prefix.pch"; sourceTree = "<group>"; };
		51DE6C42189C743D0062D7AD /* Segway.h */ = {isa = PBXFileReference; lastKnownFileType = sourcecode.c.h; path = Segway.h; sourceTree = "<group>"; };
		51DE6C4A189C743D0062D7AD /* SegwayTests.xctest */ = {isa = PBXFileReference; explicitFileType = wrapper.cfbundle; includeInIndex = 0; path = SegwayTests.xctest; sourceTree = BUILT_PRODUCTS_DIR; };
		51DE6C4B189C743D0062D7AD /* XCTest.framework */ = {isa = PBXFileReference; lastKnownFileType = wrapper.framework; name = XCTest.framework; path = Library/Frameworks/XCTest.framework; sourceTree = DEVELOPER_DIR; };
		51DE6C4E189C743E0062D7AD /* UIKit.framework */ = {isa = PBXFileReference; lastKnownFileType = wrapper.framework; name = UIKit.framework; path = Library/Frameworks/UIKit.framework; sourceTree = DEVELOPER_DIR; };
		51DE6C55189C743E0062D7AD /* SegwayTests-Info.plist */ = {isa = PBXFileReference; lastKnownFileType = text.plist.xml; path = "SegwayTests-Info.plist"; sourceTree = "<group>"; };
		51DE6C57189C743E0062D7AD /* en */ = {isa = PBXFileReference; lastKnownFileType = text.plist.strings; name = en; path = en.lproj/InfoPlist.strings; sourceTree = "<group>"; };
		51DE6C64189C74A40062D7AD /* README.md */ = {isa = PBXFileReference; lastKnownFileType = text; path = README.md; sourceTree = "<group>"; };
		51DE6C65189C74A40062D7AD /* UIStoryboardTemplate.txt */ = {isa = PBXFileReference; lastKnownFileType = text; path = UIStoryboardTemplate.txt; sourceTree = "<group>"; };
		51DE6C66189C74A40062D7AD /* UIViewController.txt */ = {isa = PBXFileReference; lastKnownFileType = text; path = UIViewController.txt; sourceTree = "<group>"; };
		51DE6C67189C75540062D7AD /* UIStoryboardSegue.txt */ = {isa = PBXFileReference; lastKnownFileType = text; path = UIStoryboardSegue.txt; sourceTree = "<group>"; };
		51DE6C69189C75E10062D7AD /* ACStoryboardSegueTemplate.h */ = {isa = PBXFileReference; fileEncoding = 4; lastKnownFileType = sourcecode.c.h; path = ACStoryboardSegueTemplate.h; sourceTree = "<group>"; };
		51DE6C6A189C75E10062D7AD /* ACStoryboardSegueTemplate.m */ = {isa = PBXFileReference; fileEncoding = 4; lastKnownFileType = sourcecode.c.objc; path = ACStoryboardSegueTemplate.m; sourceTree = "<group>"; };
		51DE6C6D189C78440062D7AD /* ACStoryboardSegue.h */ = {isa = PBXFileReference; fileEncoding = 4; lastKnownFileType = sourcecode.c.h; path = ACStoryboardSegue.h; sourceTree = "<group>"; };
		51DE6C6E189C78440062D7AD /* ACStoryboardSegue.m */ = {isa = PBXFileReference; fileEncoding = 4; lastKnownFileType = sourcecode.c.objc; path = ACStoryboardSegue.m; sourceTree = "<group>"; };
		51DE6C70189C80ED0062D7AD /* ACStoryboardPushSegue.h */ = {isa = PBXFileReference; fileEncoding = 4; lastKnownFileType = sourcecode.c.h; path = ACStoryboardPushSegue.h; sourceTree = "<group>"; };
		51DE6C71189C80ED0062D7AD /* ACStoryboardPushSegue.m */ = {isa = PBXFileReference; fileEncoding = 4; lastKnownFileType = sourcecode.c.objc; path = ACStoryboardPushSegue.m; sourceTree = "<group>"; };
		51DE6C73189C87440062D7AD /* ACStoryboardPushSegueTemplate.h */ = {isa = PBXFileReference; fileEncoding = 4; lastKnownFileType = sourcecode.c.h; path = ACStoryboardPushSegueTemplate.h; sourceTree = "<group>"; };
		51DE6C74189C87440062D7AD /* ACStoryboardPushSegueTemplate.m */ = {isa = PBXFileReference; fileEncoding = 4; lastKnownFileType = sourcecode.c.objc; path = ACStoryboardPushSegueTemplate.m; sourceTree = "<group>"; };
		51DE6C7A189DD8960062D7AD /* UIKit.framework */ = {isa = PBXFileReference; lastKnownFileType = wrapper.framework; name = UIKit.framework; path = System/Library/Frameworks/UIKit.framework; sourceTree = SDKROOT; };
		51DE6C7D189DE94D0062D7AD /* ACStoryboardSegueTests.m */ = {isa = PBXFileReference; fileEncoding = 4; lastKnownFileType = sourcecode.c.objc; path = ACStoryboardSegueTests.m; sourceTree = "<group>"; };
		51DE6C80189DEAD80062D7AD /* Default.storyboard */ = {isa = PBXFileReference; fileEncoding = 4; lastKnownFileType = file.storyboard; path = Default.storyboard; sourceTree = "<group>"; };
		51DE6C83189DEDBA0062D7AD /* UIViewController+ACStoryboardSegueTemplates.h */ = {isa = PBXFileReference; fileEncoding = 4; lastKnownFileType = sourcecode.c.h; path = "UIViewController+ACStoryboardSegueTemplates.h"; sourceTree = "<group>"; };
		51DE6C84189DEDBA0062D7AD /* UIViewController+ACStoryboardSegueTemplates.m */ = {isa = PBXFileReference; fileEncoding = 4; lastKnownFileType = sourcecode.c.objc; path = "UIViewController+ACStoryboardSegueTemplates.m"; sourceTree = "<group>"; };
		51DE6C8A189E025B0062D7AD /* ACStoryboardPushSegueTests.m */ = {isa = PBXFileReference; fileEncoding = 4; lastKnownFileType = sourcecode.c.objc; path = ACStoryboardPushSegueTests.m; sourceTree = "<group>"; };
		51DE6C8C189E02F30062D7AD /* Navigation.storyboard */ = {isa = PBXFileReference; fileEncoding = 4; lastKnownFileType = file.storyboard; path = Navigation.storyboard; sourceTree = "<group>"; };
		51DE6C92189E068E0062D7AD /* SegwayDemo.app */ = {isa = PBXFileReference; explicitFileType = wrapper.application; includeInIndex = 0; path = SegwayDemo.app; sourceTree = BUILT_PRODUCTS_DIR; };
		51DE6C94189E068E0062D7AD /* CoreGraphics.framework */ = {isa = PBXFileReference; lastKnownFileType = wrapper.framework; name = CoreGraphics.framework; path = System/Library/Frameworks/CoreGraphics.framework; sourceTree = SDKROOT; };
		51DE6C99189E068E0062D7AD /* SegwayDemo-Info.plist */ = {isa = PBXFileReference; lastKnownFileType = text.plist.xml; path = "SegwayDemo-Info.plist"; sourceTree = "<group>"; };
		51DE6C9B189E068E0062D7AD /* en */ = {isa = PBXFileReference; lastKnownFileType = text.plist.strings; name = en; path = en.lproj/InfoPlist.strings; sourceTree = "<group>"; };
		51DE6C9D189E068E0062D7AD /* main.m */ = {isa = PBXFileReference; lastKnownFileType = sourcecode.c.objc; path = main.m; sourceTree = "<group>"; };
		51DE6C9F189E068E0062D7AD /* SegwayDemo-Prefix.pch */ = {isa = PBXFileReference; lastKnownFileType = sourcecode.c.h; path = "SegwayDemo-Prefix.pch"; sourceTree = "<group>"; };
		51DE6CA0189E068E0062D7AD /* ACAppDelegate.h */ = {isa = PBXFileReference; lastKnownFileType = sourcecode.c.h; path = ACAppDelegate.h; sourceTree = "<group>"; };
		51DE6CA1189E068E0062D7AD /* ACAppDelegate.m */ = {isa = PBXFileReference; lastKnownFileType = sourcecode.c.objc; path = ACAppDelegate.m; sourceTree = "<group>"; };
		51DE6CA4189E068E0062D7AD /* Base */ = {isa = PBXFileReference; lastKnownFileType = file.storyboard; name = Base; path = Base.lproj/Main.storyboard; sourceTree = "<group>"; };
		51DE6CA9189E068E0062D7AD /* Images.xcassets */ = {isa = PBXFileReference; lastKnownFileType = folder.assetcatalog; path = Images.xcassets; sourceTree = "<group>"; };
		51DE6CC6189E077D0062D7AD /* ACMainViewController.h */ = {isa = PBXFileReference; fileEncoding = 4; lastKnownFileType = sourcecode.c.h; path = ACMainViewController.h; sourceTree = "<group>"; };
		51DE6CC7189E077D0062D7AD /* ACMainViewController.m */ = {isa = PBXFileReference; fileEncoding = 4; lastKnownFileType = sourcecode.c.objc; path = ACMainViewController.m; sourceTree = "<group>"; };
		51DE6CCC189E12450062D7AD /* ACDestinationViewController.h */ = {isa = PBXFileReference; fileEncoding = 4; lastKnownFileType = sourcecode.c.h; path = ACDestinationViewController.h; sourceTree = "<group>"; };
		51DE6CCD189E12450062D7AD /* ACDestinationViewController.m */ = {isa = PBXFileReference; fileEncoding = 4; lastKnownFileType = sourcecode.c.objc; path = ACDestinationViewController.m; sourceTree = "<group>"; };
		51DE6D14189E19D10062D7AD /* ACStoryboardModalSegueTemplate.h */ = {isa = PBXFileReference; fileEncoding = 4; lastKnownFileType = sourcecode.c.h; path = ACStoryboardModalSegueTemplate.h; sourceTree = "<group>"; };
		51DE6D15189E19D10062D7AD /* ACStoryboardModalSegueTemplate.m */ = {isa = PBXFileReference; fileEncoding = 4; lastKnownFileType = sourcecode.c.objc; path = ACStoryboardModalSegueTemplate.m; sourceTree = "<group>"; };
		51DE6D17189E1B010062D7AD /* ACStoryboardModalSegue.h */ = {isa = PBXFileReference; fileEncoding = 4; lastKnownFileType = sourcecode.c.h; path = ACStoryboardModalSegue.h; sourceTree = "<group>"; };
		51DE6D18189E1B010062D7AD /* ACStoryboardModalSegue.m */ = {isa = PBXFileReference; fileEncoding = 4; lastKnownFileType = sourcecode.c.objc; path = ACStoryboardModalSegue.m; sourceTree = "<group>"; };
		51DE6D1A189E1FCF0062D7AD /* ACStoryboardModalSegueTests.m */ = {isa = PBXFileReference; fileEncoding = 4; lastKnownFileType = sourcecode.c.objc; path = ACStoryboardModalSegueTests.m; sourceTree = "<group>"; };
		51E421A9189F0951003FEFD3 /* ACStoryboardEmbedSegue.h */ = {isa = PBXFileReference; fileEncoding = 4; lastKnownFileType = sourcecode.c.h; path = ACStoryboardEmbedSegue.h; sourceTree = "<group>"; };
		51E421AA189F0951003FEFD3 /* ACStoryboardEmbedSegue.m */ = {isa = PBXFileReference; fileEncoding = 4; lastKnownFileType = sourcecode.c.objc; path = ACStoryboardEmbedSegue.m; sourceTree = "<group>"; };
		51E421AC189F1222003FEFD3 /* ACStoryboardEmbedSegueTemplate.h */ = {isa = PBXFileReference; fileEncoding = 4; lastKnownFileType = sourcecode.c.h; path = ACStoryboardEmbedSegueTemplate.h; sourceTree = "<group>"; };
		51E421AD189F1222003FEFD3 /* ACStoryboardEmbedSegueTemplate.m */ = {isa = PBXFileReference; fileEncoding = 4; lastKnownFileType = sourcecode.c.objc; path = ACStoryboardEmbedSegueTemplate.m; sourceTree = "<group>"; };
		51E421AF189F1389003FEFD3 /* ACStoryboardEmbedSegueTests.m */ = {isa = PBXFileReference; fileEncoding = 4; lastKnownFileType = sourcecode.c.objc; path = ACStoryboardEmbedSegueTests.m; sourceTree = "<group>"; };
		51E421B1189F1494003FEFD3 /* Container.storyboard */ = {isa = PBXFileReference; fileEncoding = 4; lastKnownFileType = file.storyboard; path = Container.storyboard; sourceTree = "<group>"; };
/* End PBXFileReference section */

/* Begin PBXFrameworksBuildPhase section */
		51DE6C37189C743D0062D7AD /* Frameworks */ = {
			isa = PBXFrameworksBuildPhase;
			buildActionMask = 2147483647;
			files = (
				51DE6C7B189DD8960062D7AD /* UIKit.framework in Frameworks */,
				51DE6C3E189C743D0062D7AD /* Foundation.framework in Frameworks */,
			);
			runOnlyForDeploymentPostprocessing = 0;
		};
		51DE6C47189C743D0062D7AD /* Frameworks */ = {
			isa = PBXFrameworksBuildPhase;
			buildActionMask = 2147483647;
			files = (
				51DE6C4C189C743D0062D7AD /* XCTest.framework in Frameworks */,
				51DE6C52189C743E0062D7AD /* libSegway.a in Frameworks */,
				51DE6C4F189C743E0062D7AD /* UIKit.framework in Frameworks */,
				51DE6C4D189C743E0062D7AD /* Foundation.framework in Frameworks */,
			);
			runOnlyForDeploymentPostprocessing = 0;
		};
		51DE6C8F189E068E0062D7AD /* Frameworks */ = {
			isa = PBXFrameworksBuildPhase;
			buildActionMask = 2147483647;
			files = (
				51DE6CD2189E17360062D7AD /* libSegway.a in Frameworks */,
				51DE6C95189E068E0062D7AD /* CoreGraphics.framework in Frameworks */,
				51DE6C96189E068E0062D7AD /* UIKit.framework in Frameworks */,
				51DE6C93189E068E0062D7AD /* Foundation.framework in Frameworks */,
			);
			runOnlyForDeploymentPostprocessing = 0;
		};
/* End PBXFrameworksBuildPhase section */

/* Begin PBXGroup section */
		51DE6C31189C743D0062D7AD = {
			isa = PBXGroup;
			children = (
				51DE6C3F189C743D0062D7AD /* Segway */,
				51DE6C53189C743E0062D7AD /* SegwayTests */,
				51DE6C63189C74A40062D7AD /* Reference */,
				51DE6C97189E068E0062D7AD /* SegwayDemo */,
				51DE6C3C189C743D0062D7AD /* Frameworks */,
				51DE6C3B189C743D0062D7AD /* Products */,
			);
			sourceTree = "<group>";
		};
		51DE6C3B189C743D0062D7AD /* Products */ = {
			isa = PBXGroup;
			children = (
				51DE6C3A189C743D0062D7AD /* libSegway.a */,
				51DE6C4A189C743D0062D7AD /* SegwayTests.xctest */,
				51DE6C92189E068E0062D7AD /* SegwayDemo.app */,
			);
			name = Products;
			sourceTree = "<group>";
		};
		51DE6C3C189C743D0062D7AD /* Frameworks */ = {
			isa = PBXGroup;
			children = (
				51DE6C7A189DD8960062D7AD /* UIKit.framework */,
				51DE6C3D189C743D0062D7AD /* Foundation.framework */,
				51DE6C4B189C743D0062D7AD /* XCTest.framework */,
				51DE6C4E189C743E0062D7AD /* UIKit.framework */,
				51DE6C94189E068E0062D7AD /* CoreGraphics.framework */,
			);
			name = Frameworks;
			sourceTree = "<group>";
		};
		51DE6C3F189C743D0062D7AD /* Segway */ = {
			isa = PBXGroup;
			children = (
				51DE6C42189C743D0062D7AD /* Segway.h */,
				51DE6C82189DEDBA0062D7AD /* ViewController */,
				51DE6C68189C75C90062D7AD /* SegueTemplates */,
				51DE6C6C189C78270062D7AD /* Segue */,
				51DE6C40189C743D0062D7AD /* Supporting Files */,
			);
			path = Segway;
			sourceTree = "<group>";
		};
		51DE6C40189C743D0062D7AD /* Supporting Files */ = {
			isa = PBXGroup;
			children = (
				51DE6C41189C743D0062D7AD /* Segway-Prefix.pch */,
			);
			name = "Supporting Files";
			sourceTree = "<group>";
		};
		51DE6C53189C743E0062D7AD /* SegwayTests */ = {
			isa = PBXGroup;
			children = (
				51DE6C7C189DE92B0062D7AD /* SegueTemplates */,
				51DE6C7F189DEAC20062D7AD /* Storyboards */,
				51DE6C54189C743E0062D7AD /* Supporting Files */,
			);
			path = SegwayTests;
			sourceTree = "<group>";
		};
		51DE6C54189C743E0062D7AD /* Supporting Files */ = {
			isa = PBXGroup;
			children = (
				51DE6C55189C743E0062D7AD /* SegwayTests-Info.plist */,
				51DE6C56189C743E0062D7AD /* InfoPlist.strings */,
			);
			name = "Supporting Files";
			sourceTree = "<group>";
		};
		51DE6C63189C74A40062D7AD /* Reference */ = {
			isa = PBXGroup;
			children = (
				51DE6C64189C74A40062D7AD /* README.md */,
				51DE6C66189C74A40062D7AD /* UIViewController.txt */,
				51DE6C65189C74A40062D7AD /* UIStoryboardTemplate.txt */,
				51DE6C67189C75540062D7AD /* UIStoryboardSegue.txt */,
			);
			path = Reference;
			sourceTree = "<group>";
		};
		51DE6C68189C75C90062D7AD /* SegueTemplates */ = {
			isa = PBXGroup;
			children = (
				51DE6C69189C75E10062D7AD /* ACStoryboardSegueTemplate.h */,
				51DE6C6A189C75E10062D7AD /* ACStoryboardSegueTemplate.m */,
				51DE6C73189C87440062D7AD /* ACStoryboardPushSegueTemplate.h */,
				51DE6C74189C87440062D7AD /* ACStoryboardPushSegueTemplate.m */,
				51DE6D14189E19D10062D7AD /* ACStoryboardModalSegueTemplate.h */,
				51DE6D15189E19D10062D7AD /* ACStoryboardModalSegueTemplate.m */,
				5120B71F189E39DE009BB589 /* ACStoryboardPopoverSegueTemplate.h */,
				5120B720189E39DE009BB589 /* ACStoryboardPopoverSegueTemplate.m */,
				51E421AC189F1222003FEFD3 /* ACStoryboardEmbedSegueTemplate.h */,
				51E421AD189F1222003FEFD3 /* ACStoryboardEmbedSegueTemplate.m */,
			);
			path = SegueTemplates;
			sourceTree = "<group>";
		};
		51DE6C6C189C78270062D7AD /* Segue */ = {
			isa = PBXGroup;
			children = (
				51DE6C6D189C78440062D7AD /* ACStoryboardSegue.h */,
				51DE6C6E189C78440062D7AD /* ACStoryboardSegue.m */,
				51DE6C70189C80ED0062D7AD /* ACStoryboardPushSegue.h */,
				51DE6C71189C80ED0062D7AD /* ACStoryboardPushSegue.m */,
				51DE6D17189E1B010062D7AD /* ACStoryboardModalSegue.h */,
				51DE6D18189E1B010062D7AD /* ACStoryboardModalSegue.m */,
				5120B71C189E319A009BB589 /* ACStoryboardPopoverSegue.h */,
				5120B71D189E319A009BB589 /* ACStoryboardPopoverSegue.m */,
				5120B723189E4467009BB589 /* UIPopoverController+SelfRetained.h */,
				5120B724189E4467009BB589 /* UIPopoverController+SelfRetained.m */,
				51E421A9189F0951003FEFD3 /* ACStoryboardEmbedSegue.h */,
				51E421AA189F0951003FEFD3 /* ACStoryboardEmbedSegue.m */,
			);
			path = Segue;
			sourceTree = "<group>";
		};
		51DE6C7C189DE92B0062D7AD /* SegueTemplates */ = {
			isa = PBXGroup;
			children = (
				51DE6C7D189DE94D0062D7AD /* ACStoryboardSegueTests.m */,
				51DE6C8A189E025B0062D7AD /* ACStoryboardPushSegueTests.m */,
				51DE6D1A189E1FCF0062D7AD /* ACStoryboardModalSegueTests.m */,
				5120B726189E4593009BB589 /* ACStoryboardPopoverSegueTests.m */,
				51E421AF189F1389003FEFD3 /* ACStoryboardEmbedSegueTests.m */,
			);
			path = SegueTemplates;
			sourceTree = "<group>";
		};
		51DE6C7F189DEAC20062D7AD /* Storyboards */ = {
			isa = PBXGroup;
			children = (
				51DE6C80189DEAD80062D7AD /* Default.storyboard */,
				51DE6C8C189E02F30062D7AD /* Navigation.storyboard */,
				51E421B1189F1494003FEFD3 /* Container.storyboard */,
			);
			path = Storyboards;
			sourceTree = "<group>";
		};
		51DE6C82189DEDBA0062D7AD /* ViewController */ = {
			isa = PBXGroup;
			children = (
				51DE6C83189DEDBA0062D7AD /* UIViewController+ACStoryboardSegueTemplates.h */,
				51DE6C84189DEDBA0062D7AD /* UIViewController+ACStoryboardSegueTemplates.m */,
			);
			path = ViewController;
			sourceTree = "<group>";
		};
		51DE6C97189E068E0062D7AD /* SegwayDemo */ = {
			isa = PBXGroup;
			children = (
				51DE6CA0189E068E0062D7AD /* ACAppDelegate.h */,
				51DE6CA1189E068E0062D7AD /* ACAppDelegate.m */,
				51DE6CC6189E077D0062D7AD /* ACMainViewController.h */,
				51DE6CC7189E077D0062D7AD /* ACMainViewController.m */,
				5185C24C189F2DBD007B8265 /* ACContainerSourceViewController.h */,
				5185C24D189F2DBD007B8265 /* ACContainerSourceViewController.m */,
				51DE6CCC189E12450062D7AD /* ACDestinationViewController.h */,
				51DE6CCD189E12450062D7AD /* ACDestinationViewController.m */,
				51DE6CA3189E068E0062D7AD /* Main.storyboard */,
				51DE6CA9189E068E0062D7AD /* Images.xcassets */,
				51DE6C98189E068E0062D7AD /* Supporting Files */,
			);
			path = SegwayDemo;
			sourceTree = "<group>";
		};
		51DE6C98189E068E0062D7AD /* Supporting Files */ = {
			isa = PBXGroup;
			children = (
				51DE6C99189E068E0062D7AD /* SegwayDemo-Info.plist */,
				51DE6C9A189E068E0062D7AD /* InfoPlist.strings */,
				51DE6C9D189E068E0062D7AD /* main.m */,
				51DE6C9F189E068E0062D7AD /* SegwayDemo-Prefix.pch */,
			);
			name = "Supporting Files";
			sourceTree = "<group>";
		};
/* End PBXGroup section */

/* Begin PBXNativeTarget section */
		51DE6C39189C743D0062D7AD /* Segway */ = {
			isa = PBXNativeTarget;
			buildConfigurationList = 51DE6C5D189C743E0062D7AD /* Build configuration list for PBXNativeTarget "Segway" */;
			buildPhases = (
				51DE6C36189C743D0062D7AD /* Sources */,
				51DE6C37189C743D0062D7AD /* Frameworks */,
				51DE6C38189C743D0062D7AD /* CopyFiles */,
			);
			buildRules = (
			);
			dependencies = (
			);
			name = Segway;
			productName = Segway;
			productReference = 51DE6C3A189C743D0062D7AD /* libSegway.a */;
			productType = "com.apple.product-type.library.static";
		};
		51DE6C49189C743D0062D7AD /* SegwayTests */ = {
			isa = PBXNativeTarget;
			buildConfigurationList = 51DE6C60189C743E0062D7AD /* Build configuration list for PBXNativeTarget "SegwayTests" */;
			buildPhases = (
				51DE6C46189C743D0062D7AD /* Sources */,
				51DE6C47189C743D0062D7AD /* Frameworks */,
				51DE6C48189C743D0062D7AD /* Resources */,
			);
			buildRules = (
			);
			dependencies = (
				51DE6C51189C743E0062D7AD /* PBXTargetDependency */,
			);
			name = SegwayTests;
			productName = SegwayTests;
			productReference = 51DE6C4A189C743D0062D7AD /* SegwayTests.xctest */;
			productType = "com.apple.product-type.bundle.unit-test";
		};
		51DE6C91189E068E0062D7AD /* SegwayDemo */ = {
			isa = PBXNativeTarget;
			buildConfigurationList = 51DE6CBD189E068F0062D7AD /* Build configuration list for PBXNativeTarget "SegwayDemo" */;
			buildPhases = (
				51DE6C8E189E068E0062D7AD /* Sources */,
				51DE6C8F189E068E0062D7AD /* Frameworks */,
				51DE6C90189E068E0062D7AD /* Resources */,
			);
			buildRules = (
			);
			dependencies = (
			);
			name = SegwayDemo;
			productName = SegwayDemo;
			productReference = 51DE6C92189E068E0062D7AD /* SegwayDemo.app */;
			productType = "com.apple.product-type.application";
		};
/* End PBXNativeTarget section */

/* Begin PBXProject section */
		51DE6C32189C743D0062D7AD /* Project object */ = {
			isa = PBXProject;
			attributes = {
				LastUpgradeCheck = 0500;
				ORGANIZATIONNAME = "Arnaud Coomans";
				TargetAttributes = {
					51DE6C49189C743D0062D7AD = {
						TestTargetID = 51DE6C39189C743D0062D7AD;
					};
				};
			};
			buildConfigurationList = 51DE6C35189C743D0062D7AD /* Build configuration list for PBXProject "Segway" */;
			compatibilityVersion = "Xcode 3.2";
			developmentRegion = English;
			hasScannedForEncodings = 0;
			knownRegions = (
				en,
				Base,
			);
			mainGroup = 51DE6C31189C743D0062D7AD;
			productRefGroup = 51DE6C3B189C743D0062D7AD /* Products */;
			projectDirPath = "";
			projectRoot = "";
			targets = (
				51DE6C39189C743D0062D7AD /* Segway */,
				51DE6C49189C743D0062D7AD /* SegwayTests */,
				51DE6C91189E068E0062D7AD /* SegwayDemo */,
			);
		};
/* End PBXProject section */

/* Begin PBXResourcesBuildPhase section */
		51DE6C48189C743D0062D7AD /* Resources */ = {
			isa = PBXResourcesBuildPhase;
			buildActionMask = 2147483647;
			files = (
				51DE6C8D189E02F30062D7AD /* Navigation.storyboard in Resources */,
				51DE6C81189DEAD80062D7AD /* Default.storyboard in Resources */,
				51E421B2189F1494003FEFD3 /* Container.storyboard in Resources */,
				51DE6C58189C743E0062D7AD /* InfoPlist.strings in Resources */,
			);
			runOnlyForDeploymentPostprocessing = 0;
		};
		51DE6C90189E068E0062D7AD /* Resources */ = {
			isa = PBXResourcesBuildPhase;
			buildActionMask = 2147483647;
			files = (
				51DE6CAA189E068E0062D7AD /* Images.xcassets in Resources */,
				51DE6C9C189E068E0062D7AD /* InfoPlist.strings in Resources */,
				51DE6CA5189E068E0062D7AD /* Main.storyboard in Resources */,
			);
			runOnlyForDeploymentPostprocessing = 0;
		};
/* End PBXResourcesBuildPhase section */

/* Begin PBXSourcesBuildPhase section */
		51DE6C36189C743D0062D7AD /* Sources */ = {
			isa = PBXSourcesBuildPhase;
			buildActionMask = 2147483647;
			files = (
				51DE6D19189E1B010062D7AD /* ACStoryboardModalSegue.m in Sources */,
				51DE6C75189C87440062D7AD /* ACStoryboardPushSegueTemplate.m in Sources */,
				51DE6C85189DEDBA0062D7AD /* UIViewController+ACStoryboardSegueTemplates.m in Sources */,
				51DE6C72189C80ED0062D7AD /* ACStoryboardPushSegue.m in Sources */,
				51DE6C6B189C75E10062D7AD /* ACStoryboardSegueTemplate.m in Sources */,
				51E421AB189F0951003FEFD3 /* ACStoryboardEmbedSegue.m in Sources */,
				51DE6D16189E19D10062D7AD /* ACStoryboardModalSegueTemplate.m in Sources */,
				5120B721189E39DE009BB589 /* ACStoryboardPopoverSegueTemplate.m in Sources */,
				51E421AE189F1222003FEFD3 /* ACStoryboardEmbedSegueTemplate.m in Sources */,
				5120B71E189E319A009BB589 /* ACStoryboardPopoverSegue.m in Sources */,
				51DE6C6F189C78440062D7AD /* ACStoryboardSegue.m in Sources */,
				5120B725189E4467009BB589 /* UIPopoverController+SelfRetained.m in Sources */,
			);
			runOnlyForDeploymentPostprocessing = 0;
		};
		51DE6C46189C743D0062D7AD /* Sources */ = {
			isa = PBXSourcesBuildPhase;
			buildActionMask = 2147483647;
			files = (
				51DE6C8B189E025B0062D7AD /* ACStoryboardPushSegueTests.m in Sources */,
				51DE6C7E189DE94D0062D7AD /* ACStoryboardSegueTests.m in Sources */,
				5120B727189E4593009BB589 /* ACStoryboardPopoverSegueTests.m in Sources */,
				51DE6D1B189E1FCF0062D7AD /* ACStoryboardModalSegueTests.m in Sources */,
				51E421B0189F1389003FEFD3 /* ACStoryboardEmbedSegueTests.m in Sources */,
			);
			runOnlyForDeploymentPostprocessing = 0;
		};
		51DE6C8E189E068E0062D7AD /* Sources */ = {
			isa = PBXSourcesBuildPhase;
			buildActionMask = 2147483647;
			files = (
				51DE6CC8189E077D0062D7AD /* ACMainViewController.m in Sources */,
				51DE6CA2189E068E0062D7AD /* ACAppDelegate.m in Sources */,
				5185C24E189F2DBD007B8265 /* ACContainerSourceViewController.m in Sources */,
				51DE6C9E189E068E0062D7AD /* main.m in Sources */,
				51DE6CCE189E12450062D7AD /* ACDestinationViewController.m in Sources */,
			);
			runOnlyForDeploymentPostprocessing = 0;
		};
/* End PBXSourcesBuildPhase section */

/* Begin PBXTargetDependency section */
		51DE6C51189C743E0062D7AD /* PBXTargetDependency */ = {
			isa = PBXTargetDependency;
			target = 51DE6C39189C743D0062D7AD /* Segway */;
			targetProxy = 51DE6C50189C743E0062D7AD /* PBXContainerItemProxy */;
		};
/* End PBXTargetDependency section */

/* Begin PBXVariantGroup section */
		51DE6C56189C743E0062D7AD /* InfoPlist.strings */ = {
			isa = PBXVariantGroup;
			children = (
				51DE6C57189C743E0062D7AD /* en */,
			);
			name = InfoPlist.strings;
			sourceTree = "<group>";
		};
		51DE6C9A189E068E0062D7AD /* InfoPlist.strings */ = {
			isa = PBXVariantGroup;
			children = (
				51DE6C9B189E068E0062D7AD /* en */,
			);
			name = InfoPlist.strings;
			sourceTree = "<group>";
		};
		51DE6CA3189E068E0062D7AD /* Main.storyboard */ = {
			isa = PBXVariantGroup;
			children = (
				51DE6CA4189E068E0062D7AD /* Base */,
			);
			name = Main.storyboard;
			sourceTree = "<group>";
		};
/* End PBXVariantGroup section */

/* Begin XCBuildConfiguration section */
		51DE6C5B189C743E0062D7AD /* Debug */ = {
			isa = XCBuildConfiguration;
			buildSettings = {
				ALWAYS_SEARCH_USER_PATHS = NO;
				ARCHS = "$(ARCHS_STANDARD_INCLUDING_64_BIT)";
				CLANG_CXX_LANGUAGE_STANDARD = "gnu++0x";
				CLANG_CXX_LIBRARY = "libc++";
				CLANG_ENABLE_MODULES = YES;
				CLANG_ENABLE_OBJC_ARC = YES;
				CLANG_WARN_BOOL_CONVERSION = YES;
				CLANG_WARN_CONSTANT_CONVERSION = YES;
				CLANG_WARN_DIRECT_OBJC_ISA_USAGE = YES_ERROR;
				CLANG_WARN_EMPTY_BODY = YES;
				CLANG_WARN_ENUM_CONVERSION = YES;
				CLANG_WARN_INT_CONVERSION = YES;
				CLANG_WARN_OBJC_ROOT_CLASS = YES_ERROR;
				CLANG_WARN__DUPLICATE_METHOD_MATCH = YES;
				COPY_PHASE_STRIP = NO;
				GCC_C_LANGUAGE_STANDARD = gnu99;
				GCC_DYNAMIC_NO_PIC = NO;
				GCC_OPTIMIZATION_LEVEL = 0;
				GCC_PREPROCESSOR_DEFINITIONS = (
					"DEBUG=1",
					"$(inherited)",
				);
				GCC_SYMBOLS_PRIVATE_EXTERN = NO;
				GCC_WARN_64_TO_32_BIT_CONVERSION = YES;
				GCC_WARN_ABOUT_RETURN_TYPE = YES_ERROR;
				GCC_WARN_UNDECLARED_SELECTOR = YES;
				GCC_WARN_UNINITIALIZED_AUTOS = YES;
				GCC_WARN_UNUSED_FUNCTION = YES;
				GCC_WARN_UNUSED_VARIABLE = YES;
				IPHONEOS_DEPLOYMENT_TARGET = 7.0;
				ONLY_ACTIVE_ARCH = YES;
				SDKROOT = iphoneos;
			};
			name = Debug;
		};
		51DE6C5C189C743E0062D7AD /* Release */ = {
			isa = XCBuildConfiguration;
			buildSettings = {
				ALWAYS_SEARCH_USER_PATHS = NO;
				ARCHS = "$(ARCHS_STANDARD_INCLUDING_64_BIT)";
				CLANG_CXX_LANGUAGE_STANDARD = "gnu++0x";
				CLANG_CXX_LIBRARY = "libc++";
				CLANG_ENABLE_MODULES = YES;
				CLANG_ENABLE_OBJC_ARC = YES;
				CLANG_WARN_BOOL_CONVERSION = YES;
				CLANG_WARN_CONSTANT_CONVERSION = YES;
				CLANG_WARN_DIRECT_OBJC_ISA_USAGE = YES_ERROR;
				CLANG_WARN_EMPTY_BODY = YES;
				CLANG_WARN_ENUM_CONVERSION = YES;
				CLANG_WARN_INT_CONVERSION = YES;
				CLANG_WARN_OBJC_ROOT_CLASS = YES_ERROR;
				CLANG_WARN__DUPLICATE_METHOD_MATCH = YES;
				COPY_PHASE_STRIP = YES;
				ENABLE_NS_ASSERTIONS = NO;
				GCC_C_LANGUAGE_STANDARD = gnu99;
				GCC_WARN_64_TO_32_BIT_CONVERSION = YES;
				GCC_WARN_ABOUT_RETURN_TYPE = YES_ERROR;
				GCC_WARN_UNDECLARED_SELECTOR = YES;
				GCC_WARN_UNINITIALIZED_AUTOS = YES;
				GCC_WARN_UNUSED_FUNCTION = YES;
				GCC_WARN_UNUSED_VARIABLE = YES;
				IPHONEOS_DEPLOYMENT_TARGET = 7.0;
				SDKROOT = iphoneos;
				VALIDATE_PRODUCT = YES;
			};
			name = Release;
		};
		51DE6C5E189C743E0062D7AD /* Debug */ = {
			isa = XCBuildConfiguration;
			buildSettings = {
				DSTROOT = /tmp/Segway.dst;
				GCC_PRECOMPILE_PREFIX_HEADER = YES;
				GCC_PREFIX_HEADER = "Segway/Segway-Prefix.pch";
				OTHER_LDFLAGS = "-ObjC";
				PRODUCT_NAME = "$(TARGET_NAME)";
				SKIP_INSTALL = YES;
			};
			name = Debug;
		};
		51DE6C5F189C743E0062D7AD /* Release */ = {
			isa = XCBuildConfiguration;
			buildSettings = {
				DSTROOT = /tmp/Segway.dst;
				GCC_PRECOMPILE_PREFIX_HEADER = YES;
				GCC_PREFIX_HEADER = "Segway/Segway-Prefix.pch";
				OTHER_LDFLAGS = "-ObjC";
				PRODUCT_NAME = "$(TARGET_NAME)";
				SKIP_INSTALL = YES;
			};
			name = Release;
		};
		51DE6C61189C743E0062D7AD /* Debug */ = {
			isa = XCBuildConfiguration;
			buildSettings = {
				ARCHS = "$(ARCHS_STANDARD_INCLUDING_64_BIT)";
				FRAMEWORK_SEARCH_PATHS = (
					"$(SDKROOT)/Developer/Library/Frameworks",
					"$(inherited)",
					"$(DEVELOPER_FRAMEWORKS_DIR)",
				);
				GCC_PRECOMPILE_PREFIX_HEADER = YES;
				GCC_PREFIX_HEADER = "Segway/Segway-Prefix.pch";
				GCC_PREPROCESSOR_DEFINITIONS = (
					"DEBUG=1",
					"$(inherited)",
				);
				INFOPLIST_FILE = "SegwayTests/SegwayTests-Info.plist";
				OTHER_LDFLAGS = (
					"$(inherited)",
					"-framework",
					XCTest,
					"-ObjC",
				);
				PRODUCT_NAME = "$(TARGET_NAME)";
				WRAPPER_EXTENSION = xctest;
			};
			name = Debug;
		};
		51DE6C62189C743E0062D7AD /* Release */ = {
			isa = XCBuildConfiguration;
			buildSettings = {
				ARCHS = "$(ARCHS_STANDARD_INCLUDING_64_BIT)";
				FRAMEWORK_SEARCH_PATHS = (
					"$(SDKROOT)/Developer/Library/Frameworks",
					"$(inherited)",
					"$(DEVELOPER_FRAMEWORKS_DIR)",
				);
				GCC_PRECOMPILE_PREFIX_HEADER = YES;
				GCC_PREFIX_HEADER = "Segway/Segway-Prefix.pch";
				INFOPLIST_FILE = "SegwayTests/SegwayTests-Info.plist";
				OTHER_LDFLAGS = (
					"$(inherited)",
					"-framework",
					XCTest,
					"-ObjC",
				);
				PRODUCT_NAME = "$(TARGET_NAME)";
				WRAPPER_EXTENSION = xctest;
			};
			name = Release;
		};
		51DE6CBE189E068F0062D7AD /* Debug */ = {
			isa = XCBuildConfiguration;
			buildSettings = {
				ARCHS = "$(ARCHS_STANDARD_INCLUDING_64_BIT)";
				ASSETCATALOG_COMPILER_APPICON_NAME = AppIcon;
				ASSETCATALOG_COMPILER_LAUNCHIMAGE_NAME = LaunchImage;
				"CODE_SIGN_IDENTITY[sdk=iphoneos*]" = "iPhone Developer";
				GCC_PRECOMPILE_PREFIX_HEADER = YES;
				GCC_PREFIX_HEADER = "SegwayDemo/SegwayDemo-Prefix.pch";
				GCC_PREPROCESSOR_DEFINITIONS = (
					"DEBUG=1",
					"$(inherited)",
				);
				INFOPLIST_FILE = "SegwayDemo/SegwayDemo-Info.plist";
				IPHONEOS_DEPLOYMENT_TARGET = 7.0;
				OTHER_LDFLAGS = "-ObjC";
				PRODUCT_NAME = "$(TARGET_NAME)";
				TARGETED_DEVICE_FAMILY = "1,2";
				WRAPPER_EXTENSION = app;
			};
			name = Debug;
		};
		51DE6CBF189E068F0062D7AD /* Release */ = {
			isa = XCBuildConfiguration;
			buildSettings = {
				ARCHS = "$(ARCHS_STANDARD_INCLUDING_64_BIT)";
				ASSETCATALOG_COMPILER_APPICON_NAME = AppIcon;
				ASSETCATALOG_COMPILER_LAUNCHIMAGE_NAME = LaunchImage;
				"CODE_SIGN_IDENTITY[sdk=iphoneos*]" = "iPhone Developer";
				GCC_PRECOMPILE_PREFIX_HEADER = YES;
				GCC_PREFIX_HEADER = "SegwayDemo/SegwayDemo-Prefix.pch";
				INFOPLIST_FILE = "SegwayDemo/SegwayDemo-Info.plist";
				IPHONEOS_DEPLOYMENT_TARGET = 7.0;
				OTHER_LDFLAGS = "-ObjC";
				PRODUCT_NAME = "$(TARGET_NAME)";
				TARGETED_DEVICE_FAMILY = "1,2";
				WRAPPER_EXTENSION = app;
			};
			name = Release;
		};
/* End XCBuildConfiguration section */

/* Begin XCConfigurationList section */
		51DE6C35189C743D0062D7AD /* Build configuration list for PBXProject "Segway" */ = {
			isa = XCConfigurationList;
			buildConfigurations = (
				51DE6C5B189C743E0062D7AD /* Debug */,
				51DE6C5C189C743E0062D7AD /* Release */,
			);
			defaultConfigurationIsVisible = 0;
			defaultConfigurationName = Release;
		};
		51DE6C5D189C743E0062D7AD /* Build configuration list for PBXNativeTarget "Segway" */ = {
			isa = XCConfigurationList;
			buildConfigurations = (
				51DE6C5E189C743E0062D7AD /* Debug */,
				51DE6C5F189C743E0062D7AD /* Release */,
			);
			defaultConfigurationIsVisible = 0;
			defaultConfigurationName = Release;
		};
		51DE6C60189C743E0062D7AD /* Build configuration list for PBXNativeTarget "SegwayTests" */ = {
			isa = XCConfigurationList;
			buildConfigurations = (
				51DE6C61189C743E0062D7AD /* Debug */,
				51DE6C62189C743E0062D7AD /* Release */,
			);
			defaultConfigurationIsVisible = 0;
			defaultConfigurationName = Release;
		};
		51DE6CBD189E068F0062D7AD /* Build configuration list for PBXNativeTarget "SegwayDemo" */ = {
			isa = XCConfigurationList;
			buildConfigurations = (
				51DE6CBE189E068F0062D7AD /* Debug */,
				51DE6CBF189E068F0062D7AD /* Release */,
			);
			defaultConfigurationIsVisible = 0;
			defaultConfigurationName = Release;
		};
/* End XCConfigurationList section */
	};
	rootObject = 51DE6C32189C743D0062D7AD /* Project object */;
}
